
Microsoft Visual Studio Solution File, Format Version 12.00
# Visual Studio Version 17
VisualStudioVersion = 17.1.32421.90
MinimumVisualStudioVersion = 10.0.40219.1
Project("{FAE04EC0-301F-11D3-BF4B-00C04F79EFBC}") = "BugTracker", "BugTracker\BugTracker.csproj", "{154A7D11-CF22-4E86-B6D7-0FFD098F39A4}"
EndProject
Project("{FAE04EC0-301F-11D3-BF4B-00C04F79EFBC}") = "BugTrackerUnitTesting", "BugTrackerUnitTesting\BugTrackerUnitTesting.csproj", "{0C0DA6D6-C2F1-4B32-A5CC-3FBEFAB93C04}"
EndProject
Global
	GlobalSection(SolutionConfigurationPlatforms) = preSolution
		Debug|Any CPU = Debug|Any CPU
		Release|Any CPU = Release|Any CPU
	EndGlobalSection
	GlobalSection(ProjectConfigurationPlatforms) = postSolution
		{154A7D11-CF22-4E86-B6D7-0FFD098F39A4}.Debug|Any CPU.ActiveCfg = Debug|Any CPU
		{154A7D11-CF22-4E86-B6D7-0FFD098F39A4}.Debug|Any CPU.Build.0 = Debug|Any CPU
		{154A7D11-CF22-4E86-B6D7-0FFD098F39A4}.Release|Any CPU.ActiveCfg = Release|Any CPU
		{154A7D11-CF22-4E86-B6D7-0FFD098F39A4}.Release|Any CPU.Build.0 = Release|Any CPU
		{0C0DA6D6-C2F1-4B32-A5CC-3FBEFAB93C04}.Debug|Any CPU.ActiveCfg = Debug|Any CPU
		{0C0DA6D6-C2F1-4B32-A5CC-3FBEFAB93C04}.Debug|Any CPU.Build.0 = Debug|Any CPU
		{0C0DA6D6-C2F1-4B32-A5CC-3FBEFAB93C04}.Release|Any CPU.ActiveCfg = Release|Any CPU
		{0C0DA6D6-C2F1-4B32-A5CC-3FBEFAB93C04}.Release|Any CPU.Build.0 = Release|Any CPU
	EndGlobalSection
	GlobalSection(SolutionProperties) = preSolution
		HideSolutionNode = FALSE
	EndGlobalSection
	GlobalSection(ExtensibilityGlobals) = postSolution
		SolutionGuid = {F2E46B68-A5D3-40DD-AB15-4375973F270F}
	EndGlobalSection
EndGlobal
